{
  "name": "email-proxy",
  "version": "3.0.0-dev",
  "lockfileVersion": 1,
  "requires": true,
  "dependencies": {
    "Haraka": {
      "version": "2.8.14",
      "resolved": "https://registry.npmjs.org/Haraka/-/Haraka-2.8.14.tgz",
      "integrity": "sha1-ymLOJYEwAB0FhslK1+sKZLgTvV0=",
      "requires": {
        "address-rfc2821": "1.1.2",
        "address-rfc2822": "2.0.1",
        "async": "2.5.0",
        "daemon": "1.1.0",
        "generic-pool": "2.5.4",
        "haraka-constants": "1.0.4",
        "haraka-net-utils": "1.0.10",
        "haraka-plugin-access": "1.0.0",
        "haraka-plugin-asn": "1.0.7",
        "haraka-plugin-elasticsearch": "1.0.3",
        "haraka-plugin-fcrdns": "1.0.0",
        "haraka-plugin-geoip": "1.0.5",
        "haraka-plugin-karma": "1.0.9",
        "haraka-plugin-limit": "1.0.4",
        "haraka-plugin-redis": "1.0.7",
        "haraka-plugin-syslog": "1.0.3",
        "haraka-plugin-watch": "1.0.11",
        "haraka-results": "2.0.2",
        "haraka-tld": "1.0.15",
        "haraka-utils": "1.0.1",
        "iconv": "2.3.0",
        "ipaddr.js": "1.4.0",
        "js-yaml": "3.9.1",
        "ldapjs": "1.0.1",
        "nopt": "4.0.1",
        "npid": "0.4.0",
        "ocsp": "1.2.0",
        "redis": "2.7.1",
        "semver": "5.4.1",
        "sprintf-js": "1.1.1",
        "tmp": "0.0.33",
        "vs-stun": "0.0.7"
      }
    },
    "abbrev": {
      "version": "1.1.0",
      "resolved": "https://registry.npmjs.org/abbrev/-/abbrev-1.1.0.tgz",
      "integrity": "sha1-0FVMIlZjbi9W58LlrRg/hZQo2B8="
    },
    "address-rfc2821": {
      "version": "1.1.2",
      "resolved": "https://registry.npmjs.org/address-rfc2821/-/address-rfc2821-1.1.2.tgz",
      "integrity": "sha1-A7w/dp3p81okj381Hedk2mEff2M=",
      "requires": {
        "punycode": "2.1.0"
      }
    },
    "address-rfc2822": {
      "version": "2.0.1",
      "resolved": "https://registry.npmjs.org/address-rfc2822/-/address-rfc2822-2.0.1.tgz",
      "integrity": "sha512-9VZaVqDPRjnzXCum57fNGB5kKAGu5WzvD9TdryYU4HsST8L1J++i9DG86MS4TaGMH6OekvbCM35RPDKo/7hrOw==",
      "requires": {
        "email-addresses": "3.0.1"
      }
    },
    "agentkeepalive": {
      "version": "2.2.0",
      "resolved": "https://registry.npmjs.org/agentkeepalive/-/agentkeepalive-2.2.0.tgz",
      "integrity": "sha1-xdG9SxKQCPEWPyNvhuX66iAm4u8=",
      "optional": true
    },
    "ajv": {
      "version": "4.11.8",
      "resolved": "https://registry.npmjs.org/ajv/-/ajv-4.11.8.tgz",
      "integrity": "sha1-gv+wKynmYq5TvcIK8VlHcGc5xTY=",
      "requires": {
        "co": "4.6.0",
        "json-stable-stringify": "1.0.1"
      }
    },
    "ansi-regex": {
      "version": "2.1.1",
      "resolved": "https://registry.npmjs.org/ansi-regex/-/ansi-regex-2.1.1.tgz",
      "integrity": "sha1-w7M6te42DYbg5ijwRorn7yfWVN8="
    },
    "ansi-styles": {
      "version": "2.2.1",
      "resolved": "https://registry.npmjs.org/ansi-styles/-/ansi-styles-2.2.1.tgz",
      "integrity": "sha1-tDLdM1i2NM914eRmQ2gkBTPB3b4=",
      "optional": true
    },
    "argparse": {
      "version": "1.0.9",
      "resolved": "https://registry.npmjs.org/argparse/-/argparse-1.0.9.tgz",
      "integrity": "sha1-c9g7wmP4bpf4zE9rrhsOkKfSLIY=",
      "requires": {
        "sprintf-js": "1.0.3"
      },
      "dependencies": {
        "sprintf-js": {
          "version": "1.0.3",
          "resolved": "https://registry.npmjs.org/sprintf-js/-/sprintf-js-1.0.3.tgz",
          "integrity": "sha1-BOaSb2YolTVPPdAVIDYzuFcpfiw="
        }
      }
    },
    "asn1": {
      "version": "0.2.3",
      "resolved": "https://registry.npmjs.org/asn1/-/asn1-0.2.3.tgz",
      "integrity": "sha1-2sh4dxPJlmhJ/IGAd36+nB3fO4Y="
    },
    "asn1.js": {
      "version": "4.9.1",
      "resolved": "https://registry.npmjs.org/asn1.js/-/asn1.js-4.9.1.tgz",
      "integrity": "sha1-SLokC0WpKA6UdImQull9IWYX/UA=",
      "requires": {
        "bn.js": "4.11.8",
        "inherits": "2.0.3",
        "minimalistic-assert": "1.0.0"
      }
    },
    "asn1.js-rfc2560": {
      "version": "4.0.5",
      "resolved": "https://registry.npmjs.org/asn1.js-rfc2560/-/asn1.js-rfc2560-4.0.5.tgz",
      "integrity": "sha1-vXvm+wOFkmQqyOArPDpGWvI7hIs=",
      "optional": true,
      "requires": {
        "asn1.js-rfc5280": "2.0.0"
      }
    },
    "asn1.js-rfc5280": {
      "version": "2.0.0",
      "resolved": "https://registry.npmjs.org/asn1.js-rfc5280/-/asn1.js-rfc5280-2.0.0.tgz",
      "integrity": "sha1-t5Q2UMm95yL9ZDgCVhXo5m5vj2U=",
      "requires": {
        "asn1.js": "4.9.1"
      }
    },
    "assert-plus": {
      "version": "1.0.0",
      "resolved": "https://registry.npmjs.org/assert-plus/-/assert-plus-1.0.0.tgz",
      "integrity": "sha1-8S4PPF13sLHN2RRpQuTpbB5N1SU="
    },
    "async": {
      "version": "2.5.0",
      "resolved": "https://registry.npmjs.org/async/-/async-2.5.0.tgz",
      "integrity": "sha512-e+lJAJeNWuPCNyxZKOBdaJGyLGHugXVQtrAwtuAe2vhxTYxFTKE73p8JuTmdH0qdQZtDvI4dhJwjZc5zsfIsYw==",
      "requires": {
        "lodash": "4.17.4"
      }
    },
    "asynckit": {
      "version": "0.4.0",
      "resolved": "https://registry.npmjs.org/asynckit/-/asynckit-0.4.0.tgz",
      "integrity": "sha1-x57Zf380y48robyXkLzDZkdLS3k="
    },
    "aws-sign2": {
      "version": "0.6.0",
      "resolved": "https://registry.npmjs.org/aws-sign2/-/aws-sign2-0.6.0.tgz",
      "integrity": "sha1-FDQt0428yU0OW4fXY81jYSwOeU8="
    },
    "aws4": {
      "version": "1.6.0",
      "resolved": "https://registry.npmjs.org/aws4/-/aws4-1.6.0.tgz",
      "integrity": "sha1-g+9cqGCysy5KDe7e6MdxudtXRx4="
    },
    "backoff": {
      "version": "2.5.0",
      "resolved": "https://registry.npmjs.org/backoff/-/backoff-2.5.0.tgz",
      "integrity": "sha1-9hbtqdPktmuMp/ynn2lXIsX44m8=",
      "optional": true,
      "requires": {
        "precond": "0.2.3"
      }
    },
    "balanced-match": {
      "version": "1.0.0",
      "resolved": "https://registry.npmjs.org/balanced-match/-/balanced-match-1.0.0.tgz",
      "integrity": "sha1-ibTRmasr7kneFk6gK4nORi1xt2c=",
      "optional": true
    },
    "bcrypt-pbkdf": {
      "version": "1.0.1",
      "resolved": "https://registry.npmjs.org/bcrypt-pbkdf/-/bcrypt-pbkdf-1.0.1.tgz",
      "integrity": "sha1-Y7xdy2EzG5K8Bf1SiVPDNGKgb40=",
      "optional": true,
      "requires": {
        "tweetnacl": "0.14.5"
      }
    },
    "big-integer": {
      "version": "1.6.24",
      "resolved": "https://registry.npmjs.org/big-integer/-/big-integer-1.6.24.tgz",
      "integrity": "sha1-HthNAYrDwccrMH5/fZQAjo7iAxE="
    },
    "bluebird": {
      "version": "3.5.0",
      "resolved": "https://registry.npmjs.org/bluebird/-/bluebird-3.5.0.tgz",
      "integrity": "sha1-eRQg1/VR7qKJdFOop3ZT+WYG1nw="
    },
    "bn.js": {
      "version": "4.11.8",
      "resolved": "https://registry.npmjs.org/bn.js/-/bn.js-4.11.8.tgz",
      "integrity": "sha512-ItfYfPLkWHUjckQCk8xC+LwxgK8NYcXywGigJgSwOP8Y2iyWT4f2vsZnoOXTTbo+o5yXmIUJ4gn5538SO5S3gA=="
    },
    "boom": {
      "version": "2.10.1",
      "resolved": "https://registry.npmjs.org/boom/-/boom-2.10.1.tgz",
      "integrity": "sha1-OciRjO/1eZ+D+UkqhI9iWt0Mdm8=",
      "requires": {
        "hoek": "2.16.3"
      }
    },
    "brace-expansion": {
      "version": "1.1.8",
      "resolved": "https://registry.npmjs.org/brace-expansion/-/brace-expansion-1.1.8.tgz",
      "integrity": "sha1-wHshHHyVLsH479Uad+8NHTmQopI=",
      "optional": true,
      "requires": {
        "balanced-match": "1.0.0",
        "concat-map": "0.0.1"
      }
    },
    "bunyan": {
      "version": "1.8.12",
      "resolved": "https://registry.npmjs.org/bunyan/-/bunyan-1.8.12.tgz",
      "integrity": "sha1-8VDw9nSKvdcq6uhPBEA74u8RN5c=",
      "optional": true,
      "requires": {
        "dtrace-provider": "0.8.5",
        "moment": "2.18.1",
        "mv": "2.1.1",
        "safe-json-stringify": "1.0.4"
      },
      "dependencies": {
        "dtrace-provider": {
          "version": "0.8.5",
          "resolved": "https://registry.npmjs.org/dtrace-provider/-/dtrace-provider-0.8.5.tgz",
          "integrity": "sha1-mOu6Ihr6xG4cOf02hY2Pk2dSS5I=",
          "optional": true,
          "requires": {
            "nan": "2.7.0"
          }
        }
      }
    },
    "caseless": {
      "version": "0.12.0",
      "resolved": "https://registry.npmjs.org/caseless/-/caseless-0.12.0.tgz",
      "integrity": "sha1-G2gcIf+EAzyCZUMJBolCDRhxUdw="
    },
    "chalk": {
      "version": "1.1.3",
      "resolved": "https://registry.npmjs.org/chalk/-/chalk-1.1.3.tgz",
      "integrity": "sha1-qBFcVeSnAv5NFQq9OHKCKn4J/Jg=",
      "optional": true,
      "requires": {
        "ansi-styles": "2.2.1",
        "escape-string-regexp": "1.0.5",
        "has-ansi": "2.0.0",
        "strip-ansi": "3.0.1",
        "supports-color": "2.0.0"
      }
    },
    "co": {
      "version": "4.6.0",
      "resolved": "https://registry.npmjs.org/co/-/co-4.6.0.tgz",
      "integrity": "sha1-bqa989hTrlTMuOR7+gvz+QMfsYQ="
    },
    "combined-stream": {
      "version": "1.0.5",
      "resolved": "https://registry.npmjs.org/combined-stream/-/combined-stream-1.0.5.tgz",
      "integrity": "sha1-k4NwpXtKUd6ix3wV1cX9+JUWQAk=",
      "requires": {
        "delayed-stream": "1.0.0"
      }
    },
    "concat-map": {
      "version": "0.0.1",
      "resolved": "https://registry.npmjs.org/concat-map/-/concat-map-0.0.1.tgz",
      "integrity": "sha1-2Klr13/Wjfd5OnMDajug1UBdR3s=",
      "optional": true
    },
    "core-util-is": {
      "version": "1.0.2",
      "resolved": "https://registry.npmjs.org/core-util-is/-/core-util-is-1.0.2.tgz",
      "integrity": "sha1-tf1UIgqivFq1eqtxQMlAdUUDwac="
    },
    "cryptiles": {
      "version": "2.0.5",
      "resolved": "https://registry.npmjs.org/cryptiles/-/cryptiles-2.0.5.tgz",
      "integrity": "sha1-O9/s3GCBR8HGcgL6KR59ylnqo7g=",
      "requires": {
        "boom": "2.10.1"
      }
    },
    "daemon": {
      "version": "1.1.0",
      "resolved": "https://registry.npmjs.org/daemon/-/daemon-1.1.0.tgz",
      "integrity": "sha1-bFECyB2wvoVvyQCPwsk1s5iGSug="
    },
    "dashdash": {
      "version": "1.14.1",
      "resolved": "https://registry.npmjs.org/dashdash/-/dashdash-1.14.1.tgz",
      "integrity": "sha1-hTz6D3y+L+1d4gMmuN1YEDX24vA=",
      "requires": {
        "assert-plus": "1.0.0"
      }
    },
    "delayed-stream": {
      "version": "1.0.0",
      "resolved": "https://registry.npmjs.org/delayed-stream/-/delayed-stream-1.0.0.tgz",
      "integrity": "sha1-3zrhmayt+31ECqrgsp4icrJOxhk="
    },
    "double-ended-queue": {
      "version": "2.1.0-0",
      "resolved": "https://registry.npmjs.org/double-ended-queue/-/double-ended-queue-2.1.0-0.tgz",
      "integrity": "sha1-ED01J/0xUo9AGIEwyEHv3XgmTlw="
    },
    "dtrace-provider": {
      "version": "0.7.1",
      "resolved": "https://registry.npmjs.org/dtrace-provider/-/dtrace-provider-0.7.1.tgz",
      "integrity": "sha1-wGswjy8Q1dWDiuycVx5dWI3HHQQ=",
      "optional": true,
      "requires": {
        "nan": "2.7.0"
      }
    },
    "ecc-jsbn": {
      "version": "0.1.1",
      "resolved": "https://registry.npmjs.org/ecc-jsbn/-/ecc-jsbn-0.1.1.tgz",
      "integrity": "sha1-D8c6ntXw1Tw4GTOYUj735UN3dQU=",
      "optional": true,
      "requires": {
        "jsbn": "0.1.1"
      }
    },
    "elasticsearch": {
      "version": "13.3.1",
      "resolved": "https://registry.npmjs.org/elasticsearch/-/elasticsearch-13.3.1.tgz",
      "integrity": "sha1-xTCuqa+xfqkcPQpW8fERukm8kjk=",
      "optional": true,
      "requires": {
        "agentkeepalive": "2.2.0",
        "chalk": "1.1.3",
        "lodash": "2.4.2",
        "lodash.get": "4.4.2",
        "lodash.isempty": "4.4.0",
        "lodash.trimend": "4.5.1"
      },
      "dependencies": {
        "lodash": {
          "version": "2.4.2",
          "resolved": "https://registry.npmjs.org/lodash/-/lodash-2.4.2.tgz",
          "integrity": "sha1-+t2DS5aDBz2hebPq5tnA0VBT9z4=",
          "optional": true
        }
      }
    },
    "email-addresses": {
      "version": "3.0.1",
      "resolved": "https://registry.npmjs.org/email-addresses/-/email-addresses-3.0.1.tgz",
      "integrity": "sha1-wfwgwYnn+W1AEtN121/qzN0kORw="
    },
    "escape-string-regexp": {
      "version": "1.0.5",
      "resolved": "https://registry.npmjs.org/escape-string-regexp/-/escape-string-regexp-1.0.5.tgz",
      "integrity": "sha1-G2HAViGQqN/2rjuyzwIAyhMLhtQ=",
      "optional": true
    },
    "esprima": {
      "version": "4.0.0",
      "resolved": "https://registry.npmjs.org/esprima/-/esprima-4.0.0.tgz",
      "integrity": "sha512-oftTcaMu/EGrEIu904mWteKIv8vMuOgGYo7EhVJJN00R/EED9DCua/xxHRdYnKtcECzVg7xOWhflvJMnqcFZjw=="
    },
    "extend": {
      "version": "3.0.1",
      "resolved": "https://registry.npmjs.org/extend/-/extend-3.0.1.tgz",
      "integrity": "sha1-p1Xqe8Gt/MWjHOfnYtuq3F5jZEQ="
    },
    "extsprintf": {
      "version": "1.2.0",
      "resolved": "https://registry.npmjs.org/extsprintf/-/extsprintf-1.2.0.tgz",
      "integrity": "sha1-WtlGwi9bMrp/jNdCZxHG6KP8JSk="
    },
    "forever-agent": {
      "version": "0.6.1",
      "resolved": "https://registry.npmjs.org/forever-agent/-/forever-agent-0.6.1.tgz",
      "integrity": "sha1-+8cfDEGt6zf5bFd60e1C2P2sypE="
    },
    "form-data": {
      "version": "2.1.4",
      "resolved": "https://registry.npmjs.org/form-data/-/form-data-2.1.4.tgz",
      "integrity": "sha1-M8GDrPGTJ27KqYFDpp6Uv+4XUNE=",
      "requires": {
        "asynckit": "0.4.0",
        "combined-stream": "1.0.5",
        "mime-types": "2.1.17"
      }
    },
    "generic-pool": {
      "version": "2.5.4",
      "resolved": "https://registry.npmjs.org/generic-pool/-/generic-pool-2.5.4.tgz",
      "integrity": "sha1-OMYYhRPhQDCUjsblz2VSPZd5KZs="
    },
    "getpass": {
      "version": "0.1.7",
      "resolved": "https://registry.npmjs.org/getpass/-/getpass-0.1.7.tgz",
      "integrity": "sha1-Xv+OPmhNVprkyysSgmBOi6YhSfo=",
      "requires": {
        "assert-plus": "1.0.0"
      }
    },
    "glob": {
      "version": "6.0.4",
      "resolved": "https://registry.npmjs.org/glob/-/glob-6.0.4.tgz",
      "integrity": "sha1-DwiGD2oVUSey+t1PnOJLGqtuTSI=",
      "optional": true,
      "requires": {
        "inflight": "1.0.6",
        "inherits": "2.0.3",
        "minimatch": "3.0.4",
        "once": "1.4.0",
        "path-is-absolute": "1.0.1"
      }
    },
    "har-schema": {
      "version": "1.0.5",
      "resolved": "https://registry.npmjs.org/har-schema/-/har-schema-1.0.5.tgz",
      "integrity": "sha1-0mMTX0MwfALGAq/I/pWXDAFRNp4="
    },
    "har-validator": {
      "version": "4.2.1",
      "resolved": "https://registry.npmjs.org/har-validator/-/har-validator-4.2.1.tgz",
      "integrity": "sha1-M0gdDxu/9gDdID11gSpqX7oALio=",
      "requires": {
        "ajv": "4.11.8",
        "har-schema": "1.0.5"
      }
    },
    "haraka-config": {
      "version": "1.0.13",
      "resolved": "https://registry.npmjs.org/haraka-config/-/haraka-config-1.0.13.tgz",
      "integrity": "sha1-b7UTGlMOgAernFmYz3pEV0oNvpY=",
      "requires": {
        "js-yaml": "3.9.1"
      }
    },
    "haraka-constants": {
      "version": "1.0.4",
      "resolved": "https://registry.npmjs.org/haraka-constants/-/haraka-constants-1.0.4.tgz",
      "integrity": "sha1-TiciIe4aEP16Cn4fpbAcAMQYzpY="
    },
    "haraka-net-utils": {
      "version": "1.0.10",
      "resolved": "https://registry.npmjs.org/haraka-net-utils/-/haraka-net-utils-1.0.10.tgz",
      "integrity": "sha1-tiZmo4S6EFXNDJl2+bUo1IHHY1w=",
      "requires": {
        "async": "2.5.0",
        "haraka-config": "1.0.13",
        "haraka-tld": "1.0.15",
        "ipaddr.js": "1.4.0",
        "openssl-wrapper": "0.3.4",
        "sprintf-js": "1.1.1",
        "vs-stun": "0.0.7"
      }
    },
    "haraka-plugin-access": {
      "version": "1.0.0",
      "resolved": "https://registry.npmjs.org/haraka-plugin-access/-/haraka-plugin-access-1.0.0.tgz",
      "integrity": "sha1-XjjxzWvzeFGtAfip8A0AcRsgLsQ=",
      "requires": {
        "address-rfc2822": "2.0.1",
        "haraka-net-utils": "1.0.10",
        "haraka-tld": "1.0.15",
        "haraka-utils": "1.0.1"
      }
    },
    "haraka-plugin-asn": {
      "version": "1.0.7",
      "resolved": "https://registry.npmjs.org/haraka-plugin-asn/-/haraka-plugin-asn-1.0.7.tgz",
      "integrity": "sha1-S/RkZnZvo1pfEdSXa058G+nv0rA=",
      "requires": {
        "async": "2.5.0",
        "maxmind": "0.6.0"
      }
    },
    "haraka-plugin-elasticsearch": {
      "version": "1.0.3",
      "resolved": "https://registry.npmjs.org/haraka-plugin-elasticsearch/-/haraka-plugin-elasticsearch-1.0.3.tgz",
      "integrity": "sha1-WyufG8A5Sznt25bDOivol/jtII0=",
      "optional": true,
      "requires": {
        "elasticsearch": "13.3.1",
        "haraka-utils": "1.0.1"
      }
    },
    "haraka-plugin-fcrdns": {
      "version": "1.0.0",
      "resolved": "https://registry.npmjs.org/haraka-plugin-fcrdns/-/haraka-plugin-fcrdns-1.0.0.tgz",
      "integrity": "sha1-zGjJN2PhP88n6wrkmFyX4wiREh8=",
      "requires": {
        "haraka-constants": "1.0.4",
        "haraka-net-utils": "1.0.10",
        "haraka-tld": "1.0.15"
      }
    },
    "haraka-plugin-geoip": {
      "version": "1.0.5",
      "resolved": "https://registry.npmjs.org/haraka-plugin-geoip/-/haraka-plugin-geoip-1.0.5.tgz",
      "integrity": "sha1-urwXuzobFA1WgihICtG65wnE18A=",
      "requires": {
        "haraka-net-utils": "1.0.10",
        "maxmind": "2.2.0"
      },
      "dependencies": {
        "maxmind": {
          "version": "2.2.0",
          "resolved": "https://registry.npmjs.org/maxmind/-/maxmind-2.2.0.tgz",
          "integrity": "sha1-xUjKEyUdqhg7cgHSq4y4MdEmjqI=",
          "requires": {
            "big-integer": "1.6.24",
            "lru-cache": "4.1.1"
          }
        }
      }
    },
    "haraka-plugin-karma": {
      "version": "1.0.9",
      "resolved": "https://registry.npmjs.org/haraka-plugin-karma/-/haraka-plugin-karma-1.0.9.tgz",
      "integrity": "sha1-/QBFL4d+gX3GTb4k1sl01N5tAOU=",
      "requires": {
        "address-rfc2821": "1.1.2",
        "haraka-constants": "1.0.4",
        "haraka-plugin-redis": "1.0.7",
        "haraka-utils": "1.0.1"
      }
    },
    "haraka-plugin-limit": {
      "version": "1.0.4",
      "resolved": "https://registry.npmjs.org/haraka-plugin-limit/-/haraka-plugin-limit-1.0.4.tgz",
      "integrity": "sha1-vbnUenzFqF8JipF7tWgeJfzgbO8=",
      "requires": {
        "haraka-constants": "1.0.4",
        "haraka-plugin-redis": "1.0.7",
        "ipaddr.js": "1.4.0",
        "redis": "2.7.1"
      }
    },
    "haraka-plugin-redis": {
      "version": "1.0.7",
      "resolved": "https://registry.npmjs.org/haraka-plugin-redis/-/haraka-plugin-redis-1.0.7.tgz",
      "integrity": "sha1-mRFCPV0iOZOrfowqlNyPn0wSgiM=",
      "requires": {
        "redis": "2.7.1"
      }
    },
    "haraka-plugin-syslog": {
      "version": "1.0.3",
      "resolved": "https://registry.npmjs.org/haraka-plugin-syslog/-/haraka-plugin-syslog-1.0.3.tgz",
      "integrity": "sha1-xFksJa7JYyqxkrlwOgFNBrXkkww=",
      "optional": true,
      "requires": {
        "haraka-constants": "1.0.4",
        "modern-syslog": "1.1.4"
      }
    },
    "haraka-plugin-watch": {
      "version": "1.0.11",
      "resolved": "https://registry.npmjs.org/haraka-plugin-watch/-/haraka-plugin-watch-1.0.11.tgz",
      "integrity": "sha1-QkBB15/o8lPg388Z287rJvNRMVU=",
      "requires": {
        "haraka-plugin-redis": "1.0.7",
        "ws": "3.1.0"
      }
    },
    "haraka-results": {
      "version": "2.0.2",
      "resolved": "https://registry.npmjs.org/haraka-results/-/haraka-results-2.0.2.tgz",
      "integrity": "sha1-2acbWIrRovVNjiYi4rOCX6iKkWY=",
      "requires": {
        "haraka-config": "1.0.13",
        "redis": "2.7.1"
      }
    },
    "haraka-tld": {
      "version": "1.0.15",
      "resolved": "https://registry.npmjs.org/haraka-tld/-/haraka-tld-1.0.15.tgz",
      "integrity": "sha1-5UTylQLa1a1cpPEuhRTmjN1qraU=",
      "requires": {
        "punycode": "2.1.0"
      }
    },
    "haraka-utils": {
      "version": "1.0.1",
      "resolved": "https://registry.npmjs.org/haraka-utils/-/haraka-utils-1.0.1.tgz",
      "integrity": "sha1-5B4MvHDSGGkDIF2rYDIYtq9W7So="
    },
    "has-ansi": {
      "version": "2.0.0",
      "resolved": "https://registry.npmjs.org/has-ansi/-/has-ansi-2.0.0.tgz",
      "integrity": "sha1-NPUEnOHs3ysGSa8+8k5F7TVBbZE=",
      "optional": true,
      "requires": {
        "ansi-regex": "2.1.1"
      }
    },
    "hawk": {
      "version": "3.1.3",
      "resolved": "https://registry.npmjs.org/hawk/-/hawk-3.1.3.tgz",
      "integrity": "sha1-B4REvXwWQLD+VA0sm3PVlnjo4cQ=",
      "requires": {
        "boom": "2.10.1",
        "cryptiles": "2.0.5",
        "hoek": "2.16.3",
        "sntp": "1.0.9"
      }
    },
    "hoek": {
      "version": "2.16.3",
      "resolved": "https://registry.npmjs.org/hoek/-/hoek-2.16.3.tgz",
      "integrity": "sha1-ILt0A9POo5jpHcRxCo/xuCdKJe0="
    },
    "http-signature": {
      "version": "1.1.1",
      "resolved": "https://registry.npmjs.org/http-signature/-/http-signature-1.1.1.tgz",
      "integrity": "sha1-33LiZwZs0Kxn+3at+OE0qPvPkb8=",
      "requires": {
        "assert-plus": "0.2.0",
        "jsprim": "1.4.1",
        "sshpk": "1.13.1"
      },
      "dependencies": {
        "assert-plus": {
          "version": "0.2.0",
          "resolved": "https://registry.npmjs.org/assert-plus/-/assert-plus-0.2.0.tgz",
          "integrity": "sha1-104bh+ev/A24qttwIfP+SBAasjQ="
        }
      }
    },
    "iconv": {
      "version": "2.3.0",
      "resolved": "https://registry.npmjs.org/iconv/-/iconv-2.3.0.tgz",
      "integrity": "sha512-eu9senpOZ7wzNweLX09jtrCdmEiie8Z5/iMxdIq3i7tkgg562EwKSU9yjXMz8ncaQ0B+845vbqAz+1kPFXzbtQ==",
      "requires": {
        "nan": "2.7.0"
      }
    },
    "inflight": {
      "version": "1.0.6",
      "resolved": "https://registry.npmjs.org/inflight/-/inflight-1.0.6.tgz",
      "integrity": "sha1-Sb1jMdfQLQwJvJEKEHW6gWW1bfk=",
      "optional": true,
      "requires": {
        "once": "1.4.0",
        "wrappy": "1.0.2"
      }
    },
    "inherits": {
      "version": "2.0.3",
      "resolved": "https://registry.npmjs.org/inherits/-/inherits-2.0.3.tgz",
      "integrity": "sha1-Yzwsg+PaQqUC9SRmAiSA9CCCYd4="
    },
    "ipaddr.js": {
      "version": "1.4.0",
      "resolved": "https://registry.npmjs.org/ipaddr.js/-/ipaddr.js-1.4.0.tgz",
      "integrity": "sha1-KWrKh4qCGBbluF0KKFqZvP9FgvA="
    },
    "is-typedarray": {
      "version": "1.0.0",
      "resolved": "https://registry.npmjs.org/is-typedarray/-/is-typedarray-1.0.0.tgz",
      "integrity": "sha1-5HnICFjfDBsR3dppQPlgEfzaSpo="
    },
    "isstream": {
      "version": "0.1.2",
      "resolved": "https://registry.npmjs.org/isstream/-/isstream-0.1.2.tgz",
      "integrity": "sha1-R+Y/evVa+m+S4VAOaQ64uFKcCZo="
    },
    "js-yaml": {
      "version": "3.9.1",
      "resolved": "https://registry.npmjs.org/js-yaml/-/js-yaml-3.9.1.tgz",
      "integrity": "sha512-CbcG379L1e+mWBnLvHWWeLs8GyV/EMw862uLI3c+GxVyDHWZcjZinwuBd3iW2pgxgIlksW/1vNJa4to+RvDOww==",
      "requires": {
        "argparse": "1.0.9",
        "esprima": "4.0.0"
      }
    },
    "jsbn": {
      "version": "0.1.1",
      "resolved": "https://registry.npmjs.org/jsbn/-/jsbn-0.1.1.tgz",
      "integrity": "sha1-peZUwuWi3rXyAdls77yoDA7y9RM=",
      "optional": true
    },
    "json-schema": {
      "version": "0.2.3",
      "resolved": "https://registry.npmjs.org/json-schema/-/json-schema-0.2.3.tgz",
      "integrity": "sha1-tIDIkuWaLwWVTOcnvT8qTogvnhM="
    },
    "json-stable-stringify": {
      "version": "1.0.1",
      "resolved": "https://registry.npmjs.org/json-stable-stringify/-/json-stable-stringify-1.0.1.tgz",
      "integrity": "sha1-mnWdOcXy/1A/1TAGRu1EX4jE+a8=",
      "requires": {
        "jsonify": "0.0.0"
      }
    },
    "json-stringify-safe": {
      "version": "5.0.1",
      "resolved": "https://registry.npmjs.org/json-stringify-safe/-/json-stringify-safe-5.0.1.tgz",
      "integrity": "sha1-Epai1Y/UXxmg9s4B1lcB4sc1tus="
    },
    "jsonify": {
      "version": "0.0.0",
      "resolved": "https://registry.npmjs.org/jsonify/-/jsonify-0.0.0.tgz",
      "integrity": "sha1-LHS27kHZPKUbe1qu6PUDYx0lKnM="
    },
    "jsprim": {
      "version": "1.4.1",
      "resolved": "https://registry.npmjs.org/jsprim/-/jsprim-1.4.1.tgz",
      "integrity": "sha1-MT5mvB5cwG5Di8G3SZwuXFastqI=",
      "requires": {
        "assert-plus": "1.0.0",
        "extsprintf": "1.3.0",
        "json-schema": "0.2.3",
        "verror": "1.10.0"
      },
      "dependencies": {
        "extsprintf": {
          "version": "1.3.0",
          "resolved": "https://registry.npmjs.org/extsprintf/-/extsprintf-1.3.0.tgz",
          "integrity": "sha1-lpGEQOMEGnpBT4xS48V06zw+HgU="
        }
      }
    },
    "ldap-filter": {
      "version": "0.2.2",
      "resolved": "https://registry.npmjs.org/ldap-filter/-/ldap-filter-0.2.2.tgz",
      "integrity": "sha1-8rhCvguG2jNSeYUFsx68rlkNd9A=",
      "optional": true,
      "requires": {
        "assert-plus": "0.1.5"
      },
      "dependencies": {
        "assert-plus": {
          "version": "0.1.5",
          "resolved": "https://registry.npmjs.org/assert-plus/-/assert-plus-0.1.5.tgz",
          "integrity": "sha1-7nQAlBMALYTOxyGcasgRgS5yMWA=",
          "optional": true
        }
      }
    },
    "ldapjs": {
      "version": "1.0.1",
      "resolved": "https://registry.npmjs.org/ldapjs/-/ldapjs-1.0.1.tgz",
      "integrity": "sha1-NSuBKudLCo6WVJpLiWBg7uG5pUY=",
      "optional": true,
      "requires": {
        "asn1": "0.2.3",
        "assert-plus": "1.0.0",
        "backoff": "2.5.0",
        "bunyan": "1.8.12",
        "dashdash": "1.14.1",
        "dtrace-provider": "0.7.1",
        "ldap-filter": "0.2.2",
        "once": "1.4.0",
        "vasync": "1.6.4",
        "verror": "1.10.0"
      }
    },
    "lodash": {
      "version": "4.17.4",
      "resolved": "https://registry.npmjs.org/lodash/-/lodash-4.17.4.tgz",
      "integrity": "sha1-eCA6TRwyiuHYbcpkYONptX9AVa4="
    },
    "lodash.get": {
      "version": "4.4.2",
      "resolved": "https://registry.npmjs.org/lodash.get/-/lodash.get-4.4.2.tgz",
      "integrity": "sha1-LRd/ZS+jHpObRDjVNBSZ36OCXpk=",
      "optional": true
    },
    "lodash.isempty": {
      "version": "4.4.0",
      "resolved": "https://registry.npmjs.org/lodash.isempty/-/lodash.isempty-4.4.0.tgz",
      "integrity": "sha1-b4bL7di+TsmHvpqvM8loTbGzHn4=",
      "optional": true
    },
    "lodash.trimend": {
      "version": "4.5.1",
      "resolved": "https://registry.npmjs.org/lodash.trimend/-/lodash.trimend-4.5.1.tgz",
      "integrity": "sha1-EoBENyhrmMrYmWt5QU4RMAEUCC8=",
      "optional": true
    },
    "lru-cache": {
      "version": "4.1.1",
      "resolved": "https://registry.npmjs.org/lru-cache/-/lru-cache-4.1.1.tgz",
      "integrity": "sha512-q4spe4KTfsAS1SUHLO0wz8Qiyf1+vMIAgpRYioFYDMNqKfHQbg+AVDH3i4fvpl71/P1L0dBl+fQi+P37UYf0ew==",
      "requires": {
        "pseudomap": "1.0.2",
        "yallist": "2.1.2"
      }
    },
    "maxmind": {
      "version": "0.6.0",
      "resolved": "https://registry.npmjs.org/maxmind/-/maxmind-0.6.0.tgz",
      "integrity": "sha1-a+KVvunDM67Um4wIyCCxjR4CQtU="
    },
    "mime-db": {
      "version": "1.30.0",
      "resolved": "https://registry.npmjs.org/mime-db/-/mime-db-1.30.0.tgz",
      "integrity": "sha1-dMZD2i3Z1qRTmZY0ZbJtXKfXHwE="
    },
    "mime-types": {
      "version": "2.1.17",
      "resolved": "https://registry.npmjs.org/mime-types/-/mime-types-2.1.17.tgz",
      "integrity": "sha1-Cdejk/A+mVp5+K+Fe3Cp4KsWVXo=",
      "requires": {
        "mime-db": "1.30.0"
      }
    },
    "minimalistic-assert": {
      "version": "1.0.0",
      "resolved": "https://registry.npmjs.org/minimalistic-assert/-/minimalistic-assert-1.0.0.tgz",
      "integrity": "sha1-cCvi3aazf0g2vLP121ZkG2Sh09M="
    },
    "minimatch": {
      "version": "3.0.4",
      "resolved": "https://registry.npmjs.org/minimatch/-/minimatch-3.0.4.tgz",
      "integrity": "sha512-yJHVQEhyqPLUTgt9B83PXu6W3rx4MvvHvSUvToogpwoGDOUQ+yDrR0HRot+yOCdCO7u4hX3pWft6kWBBcqh0UA==",
      "optional": true,
      "requires": {
        "brace-expansion": "1.1.8"
      }
    },
    "minimist": {
      "version": "0.0.8",
      "resolved": "https://registry.npmjs.org/minimist/-/minimist-0.0.8.tgz",
      "integrity": "sha1-hX/Kv8M5fSYluCKCYuhqp6ARsF0=",
      "optional": true
    },
    "mkdirp": {
      "version": "0.5.1",
      "resolved": "https://registry.npmjs.org/mkdirp/-/mkdirp-0.5.1.tgz",
      "integrity": "sha1-MAV0OOrGz3+MR2fzhkjWaX11yQM=",
      "optional": true,
      "requires": {
        "minimist": "0.0.8"
      }
    },
    "modern-syslog": {
      "version": "1.1.4",
      "resolved": "https://registry.npmjs.org/modern-syslog/-/modern-syslog-1.1.4.tgz",
      "integrity": "sha1-sj7feXX0OTBCo+J9F32Vy2zK58E=",
      "optional": true,
      "requires": {
        "nan": "2.7.0"
      }
    },
    "moment": {
      "version": "2.18.1",
      "resolved": "https://registry.npmjs.org/moment/-/moment-2.18.1.tgz",
      "integrity": "sha1-w2GT3Tzhwu7SrbfIAtu8d6gbHA8=",
      "optional": true
    },
    "mv": {
      "version": "2.1.1",
      "resolved": "https://registry.npmjs.org/mv/-/mv-2.1.1.tgz",
      "integrity": "sha1-rmzg1vbV4KT32JN5jQPB6pVZtqI=",
      "optional": true,
      "requires": {
        "mkdirp": "0.5.1",
        "ncp": "2.0.0",
        "rimraf": "2.4.5"
      }
    },
    "nan": {
      "version": "2.7.0",
      "resolved": "https://registry.npmjs.org/nan/-/nan-2.7.0.tgz",
      "integrity": "sha1-2Vv3IeyHfgjbJ27T/G63j5CDrUY="
    },
    "ncp": {
      "version": "2.0.0",
      "resolved": "https://registry.npmjs.org/ncp/-/ncp-2.0.0.tgz",
      "integrity": "sha1-GVoh1sRuNh0vsSgbo4uR6d9727M=",
      "optional": true
    },
    "nopt": {
      "version": "4.0.1",
      "resolved": "https://registry.npmjs.org/nopt/-/nopt-4.0.1.tgz",
      "integrity": "sha1-0NRoWv1UFRk8jHUFYC0NF81kR00=",
      "requires": {
        "abbrev": "1.1.0",
        "osenv": "0.1.4"
      }
    },
    "npid": {
      "version": "0.4.0",
      "resolved": "https://registry.npmjs.org/npid/-/npid-0.4.0.tgz",
      "integrity": "sha1-oRaYI9PLkbez1m7WIYDMM4UmI34="
    },
    "oauth-sign": {
      "version": "0.8.2",
      "resolved": "https://registry.npmjs.org/oauth-sign/-/oauth-sign-0.8.2.tgz",
      "integrity": "sha1-Rqarfwrq2N6unsBWV4C31O/rnUM="
    },
    "ocsp": {
      "version": "1.2.0",
      "resolved": "https://registry.npmjs.org/ocsp/-/ocsp-1.2.0.tgz",
      "integrity": "sha1-RpoXdrRX3uZ+sCAUCMGUa6xAdsw=",
      "optional": true,
      "requires": {
        "asn1.js": "4.9.1",
        "asn1.js-rfc2560": "4.0.5",
        "asn1.js-rfc5280": "2.0.0",
        "async": "1.5.2",
        "simple-lru-cache": "0.0.2"
      },
      "dependencies": {
        "async": {
          "version": "1.5.2",
          "resolved": "https://registry.npmjs.org/async/-/async-1.5.2.tgz",
          "integrity": "sha1-7GphrlZIDAw8skHJVhjiCJL5Zyo=",
          "optional": true
        }
      }
    },
    "once": {
      "version": "1.4.0",
      "resolved": "https://registry.npmjs.org/once/-/once-1.4.0.tgz",
      "integrity": "sha1-WDsap3WWHUsROsF9nFC6753Xa9E=",
      "requires": {
        "wrappy": "1.0.2"
      }
    },
    "openssl-wrapper": {
      "version": "0.3.4",
      "resolved": "https://registry.npmjs.org/openssl-wrapper/-/openssl-wrapper-0.3.4.tgz",
      "integrity": "sha1-wB7Jjk3NK13+C2k/MYJyAOO4Gwc="
    },
    "os-homedir": {
      "version": "1.0.2",
      "resolved": "https://registry.npmjs.org/os-homedir/-/os-homedir-1.0.2.tgz",
      "integrity": "sha1-/7xJiDNuDoM94MFox+8VISGqf7M="
    },
    "os-tmpdir": {
      "version": "1.0.2",
      "resolved": "https://registry.npmjs.org/os-tmpdir/-/os-tmpdir-1.0.2.tgz",
      "integrity": "sha1-u+Z0BseaqFxc/sdm/lc0VV36EnQ="
    },
    "osenv": {
      "version": "0.1.4",
      "resolved": "https://registry.npmjs.org/osenv/-/osenv-0.1.4.tgz",
      "integrity": "sha1-Qv5tWVPfBsgGS+bxdsPQWqqjRkQ=",
      "requires": {
        "os-homedir": "1.0.2",
        "os-tmpdir": "1.0.2"
      }
    },
    "path-is-absolute": {
      "version": "1.0.1",
      "resolved": "https://registry.npmjs.org/path-is-absolute/-/path-is-absolute-1.0.1.tgz",
      "integrity": "sha1-F0uSaHNVNP+8es5r9TpanhtcX18=",
      "optional": true
    },
    "performance-now": {
      "version": "0.2.0",
      "resolved": "https://registry.npmjs.org/performance-now/-/performance-now-0.2.0.tgz",
      "integrity": "sha1-M+8wxcd9TqIcWlOGnZG1bY8lVeU="
    },
    "precond": {
      "version": "0.2.3",
      "resolved": "https://registry.npmjs.org/precond/-/precond-0.2.3.tgz",
      "integrity": "sha1-qpWRvKokkj8eD0hJ0kD0fvwQdaw=",
      "optional": true
    },
    "pseudomap": {
      "version": "1.0.2",
      "resolved": "https://registry.npmjs.org/pseudomap/-/pseudomap-1.0.2.tgz",
      "integrity": "sha1-8FKijacOYYkX7wqKw0wa5aaChrM="
    },
    "punycode": {
      "version": "2.1.0",
      "resolved": "https://registry.npmjs.org/punycode/-/punycode-2.1.0.tgz",
      "integrity": "sha1-X4Y+3Im5bbCQdLrXlHvwkFbKTn0="
    },
    "qs": {
      "version": "6.4.0",
      "resolved": "https://registry.npmjs.org/qs/-/qs-6.4.0.tgz",
      "integrity": "sha1-E+JtKK1rD/qpExLNO/cI7TUecjM="
    },
    "redis": {
      "version": "2.7.1",
      "resolved": "https://registry.npmjs.org/redis/-/redis-2.7.1.tgz",
      "integrity": "sha1-fVb3h1uYsgQQtxU58dh47Vjr9Go=",
      "requires": {
        "double-ended-queue": "2.1.0-0",
        "redis-commands": "1.3.1",
        "redis-parser": "2.6.0"
      }
    },
    "redis-commands": {
      "version": "1.3.1",
      "resolved": "https://registry.npmjs.org/redis-commands/-/redis-commands-1.3.1.tgz",
      "integrity": "sha1-gdgm9F+pyLIBH0zXoP5ZfSQdRCs="
    },
    "redis-parser": {
      "version": "2.6.0",
      "resolved": "https://registry.npmjs.org/redis-parser/-/redis-parser-2.6.0.tgz",
      "integrity": "sha1-Uu0J2srBCPGmMcB+m2mUHnoZUEs="
    },
    "request": {
      "version": "2.81.0",
      "resolved": "https://registry.npmjs.org/request/-/request-2.81.0.tgz",
      "integrity": "sha1-xpKJRqDgbF+Nb4qTM0af/aRimKA=",
      "requires": {
        "aws-sign2": "0.6.0",
        "aws4": "1.6.0",
        "caseless": "0.12.0",
        "combined-stream": "1.0.5",
        "extend": "3.0.1",
        "forever-agent": "0.6.1",
        "form-data": "2.1.4",
        "har-validator": "4.2.1",
        "hawk": "3.1.3",
        "http-signature": "1.1.1",
        "is-typedarray": "1.0.0",
        "isstream": "0.1.2",
        "json-stringify-safe": "5.0.1",
        "mime-types": "2.1.17",
        "oauth-sign": "0.8.2",
        "performance-now": "0.2.0",
        "qs": "6.4.0",
        "safe-buffer": "5.1.1",
        "stringstream": "0.0.5",
        "tough-cookie": "2.3.2",
        "tunnel-agent": "0.6.0",
        "uuid": "3.1.0"
      }
    },
    "request-promise": {
      "version": "4.2.1",
      "resolved": "https://registry.npmjs.org/request-promise/-/request-promise-4.2.1.tgz",
      "integrity": "sha1-fuxWyJMXqCLL/qmbA5zlQ8LhX2c=",
      "requires": {
        "bluebird": "3.5.0",
        "request-promise-core": "1.1.1",
        "stealthy-require": "1.1.1",
        "tough-cookie": "2.3.2"
      }
    },
    "request-promise-core": {
      "version": "1.1.1",
      "resolved": "https://registry.npmjs.org/request-promise-core/-/request-promise-core-1.1.1.tgz",
      "integrity": "sha1-Pu4AssWqgyOc+wTFcA2jb4HNCLY=",
      "requires": {
        "lodash": "4.17.4"
      }
    },
    "rimraf": {
      "version": "2.4.5",
      "resolved": "https://registry.npmjs.org/rimraf/-/rimraf-2.4.5.tgz",
      "integrity": "sha1-7nEM5dk6j9uFb7Xqj/Di11k0sto=",
      "optional": true,
      "requires": {
        "glob": "6.0.4"
      }
    },
    "safe-buffer": {
      "version": "5.1.1",
      "resolved": "https://registry.npmjs.org/safe-buffer/-/safe-buffer-5.1.1.tgz",
      "integrity": "sha512-kKvNJn6Mm93gAczWVJg7wH+wGYWNrDHdWvpUmHyEsgCtIwwo3bqPtV4tR5tuPaUhTOo/kvhVwd8XwwOllGYkbg=="
    },
    "safe-json-stringify": {
      "version": "1.0.4",
      "resolved": "https://registry.npmjs.org/safe-json-stringify/-/safe-json-stringify-1.0.4.tgz",
      "integrity": "sha1-gaCY9Efku8P/MxKiQ1IbwGDvWRE=",
      "optional": true
    },
    "semver": {
      "version": "5.4.1",
      "resolved": "https://registry.npmjs.org/semver/-/semver-5.4.1.tgz",
      "integrity": "sha512-WfG/X9+oATh81XtllIo/I8gOiY9EXRdv1cQdyykeXK17YcUW3EXUAi2To4pcH6nZtJPr7ZOpM5OMyWJZm+8Rsg=="
    },
    "simple-lru-cache": {
      "version": "0.0.2",
      "resolved": "https://registry.npmjs.org/simple-lru-cache/-/simple-lru-cache-0.0.2.tgz",
      "integrity": "sha1-1ZzDoZPBpdAyD4Tucy9uRxPlEd0=",
      "optional": true
    },
    "sntp": {
      "version": "1.0.9",
      "resolved": "https://registry.npmjs.org/sntp/-/sntp-1.0.9.tgz",
      "integrity": "sha1-ZUEYTMkK7qbG57NeJlkIJEPGYZg=",
      "requires": {
        "hoek": "2.16.3"
      }
    },
    "sprintf-js": {
      "version": "1.1.1",
      "resolved": "https://registry.npmjs.org/sprintf-js/-/sprintf-js-1.1.1.tgz",
      "integrity": "sha1-Nr54Mgr+WAH2zqPueLblqrlA6gw="
    },
    "sshpk": {
      "version": "1.13.1",
      "resolved": "https://registry.npmjs.org/sshpk/-/sshpk-1.13.1.tgz",
      "integrity": "sha1-US322mKHFEMW3EwY/hzx2UBzm+M=",
      "requires": {
        "asn1": "0.2.3",
        "assert-plus": "1.0.0",
        "bcrypt-pbkdf": "1.0.1",
        "dashdash": "1.14.1",
        "ecc-jsbn": "0.1.1",
        "getpass": "0.1.7",
        "jsbn": "0.1.1",
        "tweetnacl": "0.14.5"
      }
    },
    "stealthy-require": {
      "version": "1.1.1",
      "resolved": "https://registry.npmjs.org/stealthy-require/-/stealthy-require-1.1.1.tgz",
      "integrity": "sha1-NbCYdbT/SfJqd35QmzCQoyJr8ks="
    },
    "stringstream": {
      "version": "0.0.5",
      "resolved": "https://registry.npmjs.org/stringstream/-/stringstream-0.0.5.tgz",
      "integrity": "sha1-TkhM1N5aC7vuGORjB3EKioFiGHg="
    },
    "strip-ansi": {
      "version": "3.0.1",
      "resolved": "https://registry.npmjs.org/strip-ansi/-/strip-ansi-3.0.1.tgz",
      "integrity": "sha1-ajhfuIU9lS1f8F0Oiq+UJ43GPc8=",
      "optional": true,
      "requires": {
        "ansi-regex": "2.1.1"
      }
    },
    "supports-color": {
      "version": "2.0.0",
      "resolved": "https://registry.npmjs.org/supports-color/-/supports-color-2.0.0.tgz",
      "integrity": "sha1-U10EXOa2Nj+kARcIRimZXp3zJMc=",
      "optional": true
    },
    "tmp": {
      "version": "0.0.33",
      "resolved": "https://registry.npmjs.org/tmp/-/tmp-0.0.33.tgz",
      "integrity": "sha512-jRCJlojKnZ3addtTOjdIqoRuPEKBvNXcGYqzO6zWZX8KfKEpnGY5jfggJQ3EjKuu8D4bJRr0y+cYJFmYbImXGw==",
      "optional": true,
      "requires": {
        "os-tmpdir": "1.0.2"
      }
    },
    "tough-cookie": {
      "version": "2.3.2",
      "resolved": "https://registry.npmjs.org/tough-cookie/-/tough-cookie-2.3.2.tgz",
      "integrity": "sha1-8IH3bkyFcg5sN6X6ztc3FQ2EByo=",
      "requires": {
        "punycode": "1.4.1"
      },
      "dependencies": {
        "punycode": {
          "version": "1.4.1",
          "resolved": "https://registry.npmjs.org/punycode/-/punycode-1.4.1.tgz",
          "integrity": "sha1-wNWmOycYgArY4esPpSachN1BhF4="
        }
      }
    },
    "tunnel-agent": {
      "version": "0.6.0",
      "resolved": "https://registry.npmjs.org/tunnel-agent/-/tunnel-agent-0.6.0.tgz",
      "integrity": "sha1-J6XeoGs2sEoKmWZ3SykIaPD8QP0=",
      "requires": {
        "safe-buffer": "5.1.1"
      }
    },
    "tweetnacl": {
      "version": "0.14.5",
      "resolved": "https://registry.npmjs.org/tweetnacl/-/tweetnacl-0.14.5.tgz",
      "integrity": "sha1-WuaBd/GS1EViadEIr6k/+HQ/T2Q=",
      "optional": true
    },
    "ultron": {
      "version": "1.1.0",
      "resolved": "https://registry.npmjs.org/ultron/-/ultron-1.1.0.tgz",
      "integrity": "sha1-sHoualQagV/Go0zNRTO67DB8qGQ="
    },
    "uuid": {
      "version": "3.1.0",
      "resolved": "https://registry.npmjs.org/uuid/-/uuid-3.1.0.tgz",
      "integrity": "sha512-DIWtzUkw04M4k3bf1IcpS2tngXEL26YUD2M0tMDUpnUrz2hgzUBlD55a4FjdLGPvfHxS6uluGWvaVEqgBcVa+g=="
    },
    "vasync": {
      "version": "1.6.4",
      "resolved": "https://registry.npmjs.org/vasync/-/vasync-1.6.4.tgz",
      "integrity": "sha1-3+k2Fq0OeugBszKp2Iv8XNyOHR8=",
      "optional": true,
      "requires": {
        "verror": "1.6.0"
      },
      "dependencies": {
        "verror": {
          "version": "1.6.0",
          "resolved": "https://registry.npmjs.org/verror/-/verror-1.6.0.tgz",
          "integrity": "sha1-fROyex+swuLakEBetepuW90lLqU=",
          "optional": true,
          "requires": {
            "extsprintf": "1.2.0"
          }
        }
      }
    },
    "verror": {
      "version": "1.10.0",
      "resolved": "https://registry.npmjs.org/verror/-/verror-1.10.0.tgz",
      "integrity": "sha1-OhBcoXBTr1XW4nDB+CiGguGNpAA=",
      "requires": {
        "assert-plus": "1.0.0",
        "core-util-is": "1.0.2",
        "extsprintf": "1.2.0"
      }
    },
    "vs-stun": {
      "version": "0.0.7",
      "resolved": "https://registry.npmjs.org/vs-stun/-/vs-stun-0.0.7.tgz",
      "integrity": "sha1-PHHGp/Ps90OsH2+b65ayYmzDvYA=",
      "optional": true
    },
    "wrappy": {
      "version": "1.0.2",
      "resolved": "https://registry.npmjs.org/wrappy/-/wrappy-1.0.2.tgz",
      "integrity": "sha1-tSQ9jz7BqjXxNkYFvA0QNuMKtp8="
    },
    "ws": {
      "version": "3.1.0",
      "resolved": "https://registry.npmjs.org/ws/-/ws-3.1.0.tgz",
      "integrity": "sha512-TU4/qKFlyQFqNITNWiqPCUY9GqlAhEotlzfcZcve6VT1YEngQl1dDMqwQQS3eMYruJ5r/UD3lcsWib6iVMDGDw==",
      "requires": {
        "safe-buffer": "5.1.1",
        "ultron": "1.1.0"
      }
    },
    "yallist": {
      "version": "2.1.2",
      "resolved": "https://registry.npmjs.org/yallist/-/yallist-2.1.2.tgz",
      "integrity": "sha1-HBH5IY8HYImkfdUS+TxmmaaoHVI="
    }
  }
}
